
Microsoft Visual Studio Solution File, Format Version 12.00
# Visual Studio 15
VisualStudioVersion = 15.0.27703.2000
MinimumVisualStudioVersion = 10.0.40219.1
Project("{FAE04EC0-301F-11D3-BF4B-00C04F79EFBC}") = "TeachMe", "TeachMe\TeachMe.csproj", "{4938EB7C-1C0D-4B50-AAF4-252AF160F486}"
EndProject
Global
	GlobalSection(SolutionConfigurationPlatforms) = preSolution
		Debug|Any CPU = Debug|Any CPU
		Release|Any CPU = Release|Any CPU
	EndGlobalSection
	GlobalSection(ProjectConfigurationPlatforms) = postSolution
		{4938EB7C-1C0D-4B50-AAF4-252AF160F486}.Debug|Any CPU.ActiveCfg = Debug|Any CPU
		{4938EB7C-1C0D-4B50-AAF4-252AF160F486}.Debug|Any CPU.Build.0 = Debug|Any CPU
		{4938EB7C-1C0D-4B50-AAF4-252AF160F486}.Release|Any CPU.ActiveCfg = Release|Any CPU
		{4938EB7C-1C0D-4B50-AAF4-252AF160F486}.Release|Any CPU.Build.0 = Release|Any CPU
	EndGlobalSection
	GlobalSection(SolutionProperties) = preSolution
		HideSolutionNode = FALSE
	EndGlobalSection
	GlobalSection(ExtensibilityGlobals) = postSolution
		SolutionGuid = {1A2A69C2-3689-4C17-AD8A-94278243AC17}
	EndGlobalSection
EndGlobal
